{
  "requires": true,
  "lockfileVersion": 1,
  "dependencies": {
    "linkifyjs": {
      "version": "3.0.0-beta.3",
      "resolved": "https://registry.npmjs.org/linkifyjs/-/linkifyjs-3.0.0-beta.3.tgz",
      "integrity": "sha512-aXq4WJs91NsETo5f9dQrt8Vx+OxAvzJAtR8lLgpum8PDjtCgstycwYbIkAjDGRV/YF1LlKKdbWyOpgMYgwgOvQ=="
    }
  }
}
